{
    "_readme": [
        "This file locks the dependencies of your project to a known state",
        "Read more about it at https://getcomposer.org/doc/01-basic-usage.md#installing-dependencies",
        "This file is @generated automatically"
    ],
    "content-hash": "19e4a7d012c884bd0cc9f430510c2107",
    "packages": [
        {
            "name": "Summernote/Summernote",
            "version": "dev-master",
            "source": {
                "type": "git",
                "url": "https://github.com/summernote/summernote/",
                "reference": "origin/master"
            },
            "type": "library",
            "time": "2018-04-16T02:18:23+00:00"
        },
        {
            "name": "bcosca/fatfree",
            "version": "3.6.4",
            "source": {
                "type": "git",
                "url": "https://github.com/bcosca/fatfree.git",
                "reference": "dee4d73918a42076d5ac7db64d6d39706c7f328a"
            },
            "dist": {
                "type": "zip",
                "url": "https://api.github.com/repos/bcosca/fatfree/zipball/dee4d73918a42076d5ac7db64d6d39706c7f328a",
                "reference": "dee4d73918a42076d5ac7db64d6d39706c7f328a",
                "shasum": ""
            },
            "require": {
                "php": ">=5.4"
            },
            "type": "library",
            "autoload": {
                "files": [
                    "lib/base.php"
                ]
            },
            "notification-url": "https://packagist.org/downloads/",
            "license": [
                "GPL-3.0"
            ],
            "description": "A powerful yet easy-to-use PHP micro-framework designed to help you build dynamic and robust Web applications - fast!",
            "homepage": "http://fatfreeframework.com/",
            "time": "2018-04-19T17:23:25+00:00"
        },
        {
            "name": "components/HideSeek",
            "version": "dev-master",
            "source": {
                "type": "git",
                "url": "https://github.com/vdw/HideSeek",
                "reference": "origin/master"
            },
            "type": "library",
            "time": "2017-05-15T20:15:05+00:00"
        },
        {
            "name": "components/TouchSwipe-Jquery-Plugin",
            "version": "dev-master",
            "source": {
                "type": "git",
                "url": "https://github.com/mattbryson/TouchSwipe-Jquery-Plugin",
                "reference": "origin/master"
            },
            "type": "library",
            "time": "2017-11-28T16:16:30+00:00"
        },
        {
            "name": "components/bootstrap-datetimepicker",
            "version": "dev-master",
            "source": {
                "type": "git",
                "url": "https://github.com/Eonasdan/bootstrap-datetimepicker",
                "reference": "origin/master"
            },
            "type": "library",
            "time": "2017-07-01T15:00:11+00:00"
        },
        {
            "name": "components/font-awesome",
            "version": "4.7.0",
            "source": {
                "type": "git",
                "url": "https://github.com/components/font-awesome.git",
                "reference": "885308b939369d147bec93174722786bc2c4eedd"
            },
            "dist": {
                "type": "zip",
                "url": "https://api.github.com/repos/components/font-awesome/zipball/885308b939369d147bec93174722786bc2c4eedd",
                "reference": "885308b939369d147bec93174722786bc2c4eedd",
                "shasum": ""
            },
            "type": "component",
            "extra": {
                "component": {
                    "styles": [
                        "css/font-awesome.css"
                    ],
                    "files": [
                        "css/font-awesome.min.css",
                        "css/font-awesome.css.map",
                        "fonts/*"
                    ]
                }
            },
            "notification-url": "https://packagist.org/downloads/",
            "license": [
                "MIT",
                "OFL-1.1"
            ],
            "description": "The iconic font designed for use with Twitter Bootstrap.",
            "time": "2016-10-25T10:56:23+00:00"
        },
        {
            "name": "components/jQote2",
            "version": "dev-master",
            "source": {
                "type": "git",
                "url": "https://github.com/aefxx/jQote2",
                "reference": "origin/master"
            },
            "type": "library",
            "time": "2012-05-04T07:35:41+00:00"
        },
        {
            "name": "components/jquery",
            "version": "3.3.1",
            "source": {
                "type": "git",
                "url": "https://github.com/components/jquery.git",
                "reference": "459648cda77875519c5da3ae1dd0ed5d170aa649"
            },
            "dist": {
                "type": "zip",
                "url": "https://api.github.com/repos/components/jquery/zipball/459648cda77875519c5da3ae1dd0ed5d170aa649",
                "reference": "459648cda77875519c5da3ae1dd0ed5d170aa649",
                "shasum": ""
            },
            "type": "component",
            "extra": {
                "component": {
                    "scripts": [
                        "jquery.js"
                    ],
                    "files": [
                        "jquery.min.js",
                        "jquery.min.map",
                        "jquery.slim.js",
                        "jquery.slim.min.js",
                        "jquery.slim.min.map"
                    ]
                }
            },
            "notification-url": "https://packagist.org/downloads/",
            "license": [
                "MIT"
            ],
            "authors": [
                {
                    "name": "JS Foundation and other contributors"
                }
            ],
            "description": "jQuery JavaScript Library",
            "homepage": "http://jquery.com",
            "time": "2018-03-04T13:23:48+00:00"
        },
        {
            "name": "components/jquery-hotkeys",
            "version": "dev-master",
            "source": {
                "type": "git",
                "url": "https://github.com/jeresig/jquery.hotkeys",
                "reference": "origin/master"
            },
            "type": "library",
            "time": "2016-09-19T22:22:09+00:00"
        },
        {
            "name": "components/jquery-mousewheel",
            "version": "dev-master",
            "source": {
                "type": "git",
                "url": "https://github.com/jquery/jquery-mousewheel/",
                "reference": "origin/master"
            },
            "type": "library",
            "time": "2017-01-21T21:08:37+00:00"
        },
        {
            "name": "components/modernizr",
            "version": "3.5.0",
            "source": {
                "type": "git",
                "url": "https://github.com/components/modernizr.git",
                "reference": "f4fc5301da393558235c8c927937ed21a5a7c344"
            },
            "dist": {
                "type": "zip",
                "url": "https://api.github.com/repos/components/modernizr/zipball/f4fc5301da393558235c8c927937ed21a5a7c344",
                "reference": "f4fc5301da393558235c8c927937ed21a5a7c344",
                "shasum": ""
            },
            "type": "component",
            "extra": {
                "component": {
                    "scripts": [
                        "modernizr.js"
                    ],
                    "shim": {
                        "exports": "window.Modernizr"
                    }
                }
            },
            "notification-url": "https://packagist.org/downloads/",
            "license": [
                "MIT"
            ],
            "authors": [
                {
                    "name": "Faruk Ates"
                },
                {
                    "name": "Paul Irish"
                },
                {
                    "name": "Alex Sexton"
                },
                {
                    "name": "Ryan Seddon"
                },
                {
                    "name": "Stu Cox"
                },
                {
                    "name": "Patrick Kettner"
                },
                {
                    "name": "Richard Herrera"
                }
            ],
            "description": "Modernizr is a JavaScript library that detects HTML5 and CSS3 features in the user's browser.",
            "homepage": "https://modernizr.com",
            "keywords": [
                "CSS3",
                "HTML5",
                "browser",
                "feature detection"
            ],
            "time": "2017-07-06T07:27:29+00:00"
        },
        {
            "name": "components/toastr",
            "version": "dev-master",
            "source": {
                "type": "git",
                "url": "https://github.com/CodeSeven/toastr",
                "reference": "origin/master"
            },
            "type": "library",
            "time": "2017-12-08T05:46:32+00:00"
        },
        {
            "name": "components/twitter-bootstrap-wizard",
            "version": "dev-master",
            "source": {
                "type": "git",
                "url": "https://github.com/VinceG/twitter-bootstrap-wizard",
                "reference": "origin/master"
            },
            "type": "library",
            "time": "2017-03-16T15:33:36+00:00"
        },
        {
            "name": "ivaynberg/select2",
            "version": "4.0.5",
            "source": {
                "type": "git",
                "url": "https://github.com/select2/select2.git",
                "reference": "ebf10c93db7d6d7a0d1330119d4c6f32cbd231d7"
            },
            "dist": {
                "type": "zip",
                "url": "https://api.github.com/repos/select2/select2/zipball/ebf10c93db7d6d7a0d1330119d4c6f32cbd231d7",
                "reference": "ebf10c93db7d6d7a0d1330119d4c6f32cbd231d7",
                "shasum": ""
            },
            "require": {
                "robloach/component-installer": "*"
            },
            "type": "component",
            "extra": {
                "component": {
                    "scripts": [
                        "dist/js/select2.js"
                    ],
                    "styles": [
                        "dist/css/select2.css"
                    ],
                    "files": [
                        "dist/js/select2.js",
                        "dist/js/i18n/*.js",
                        "dist/css/select2.css"
                    ]
                }
            },
            "notification-url": "https://packagist.org/downloads/",
            "license": [
                "MIT"
            ],
            "description": "Select2 is a jQuery based replacement for select boxes.",
            "homepage": "https://select2.org/",
            "time": "2017-10-25T22:08:18+00:00"
        },
        {
            "name": "kriswallsmith/assetic",
            "version": "v1.4.0",
            "source": {
                "type": "git",
                "url": "https://github.com/kriswallsmith/assetic.git",
                "reference": "e911c437dbdf006a8f62c2f59b15b2d69a5e0aa1"
            },
            "dist": {
                "type": "zip",
                "url": "https://api.github.com/repos/kriswallsmith/assetic/zipball/e911c437dbdf006a8f62c2f59b15b2d69a5e0aa1",
                "reference": "e911c437dbdf006a8f62c2f59b15b2d69a5e0aa1",
                "shasum": ""
            },
            "require": {
                "php": ">=5.3.1",
                "symfony/process": "~2.1|~3.0"
            },
            "conflict": {
                "twig/twig": "<1.27"
            },
            "require-dev": {
                "leafo/lessphp": "^0.3.7",
                "leafo/scssphp": "~0.1",
                "meenie/javascript-packer": "^1.1",
                "mrclay/minify": "<2.3",
                "natxet/cssmin": "3.0.4",
                "patchwork/jsqueeze": "~1.0|~2.0",
                "phpunit/phpunit": "~4.8 || ^5.6",
                "psr/log": "~1.0",
                "ptachoire/cssembed": "~1.0",
                "symfony/phpunit-bridge": "~2.7|~3.0",
                "twig/twig": "~1.23|~2.0",
                "yfix/packager": "dev-master"
            },
            "suggest": {
                "leafo/lessphp": "Assetic provides the integration with the lessphp LESS compiler",
                "leafo/scssphp": "Assetic provides the integration with the scssphp SCSS compiler",
                "leafo/scssphp-compass": "Assetic provides the integration with the SCSS compass plugin",
                "patchwork/jsqueeze": "Assetic provides the integration with the JSqueeze JavaScript compressor",
                "ptachoire/cssembed": "Assetic provides the integration with phpcssembed to embed data uris",
                "twig/twig": "Assetic provides the integration with the Twig templating engine"
            },
            "type": "library",
            "extra": {
                "branch-alias": {
                    "dev-master": "1.4-dev"
                }
            },
            "autoload": {
                "psr-0": {
                    "Assetic": "src/"
                },
                "files": [
                    "src/functions.php"
                ]
            },
            "notification-url": "https://packagist.org/downloads/",
            "license": [
                "MIT"
            ],
            "authors": [
                {
                    "name": "Kris Wallsmith",
                    "email": "kris.wallsmith@gmail.com",
                    "homepage": "http://kriswallsmith.net/"
                }
            ],
            "description": "Asset Management for PHP",
            "homepage": "https://github.com/kriswallsmith/assetic",
            "keywords": [
                "assets",
                "compression",
                "minification"
            ],
            "time": "2016-11-11T18:43:20+00:00"
        },
        {
            "name": "mexitek/phpcolors",
            "version": "v0.4",
            "source": {
                "type": "git",
                "url": "https://github.com/mexitek/phpColors.git",
                "reference": "89bf30473a68dc8845e46e9db3e536b969e18c11"
            },
            "dist": {
                "type": "zip",
                "url": "https://api.github.com/repos/mexitek/phpColors/zipball/89bf30473a68dc8845e46e9db3e536b969e18c11",
                "reference": "89bf30473a68dc8845e46e9db3e536b969e18c11",
                "shasum": ""
            },
            "require": {
                "php": ">=5.3.0"
            },
            "type": "library",
            "autoload": {
                "classmap": [
                    "src"
                ]
            },
            "notification-url": "https://packagist.org/downloads/",
            "license": [
                "MIT"
            ],
            "authors": [
                {
                    "name": "Arlo Carreon",
                    "homepage": "http://arlocarreon.com",
                    "role": "creator"
                }
            ],
            "description": "A series of methods that let you manipulate colors. Just incase you ever need different shades of one color on the fly.",
            "homepage": "http://mexitek.github.com/phpColors/",
            "keywords": [
                "color",
                "css",
                "design",
                "frontend",
                "ui"
            ],
            "time": "2015-09-09T15:43:06+00:00"
        },
        {
            "name": "robloach/component-installer",
            "version": "0.2.3",
            "source": {
                "type": "git",
                "url": "https://github.com/RobLoach/component-installer.git",
                "reference": "908a859aa7c4949ba9ad67091e67bac10b66d3d7"
            },
            "dist": {
                "type": "zip",
                "url": "https://api.github.com/repos/RobLoach/component-installer/zipball/908a859aa7c4949ba9ad67091e67bac10b66d3d7",
                "reference": "908a859aa7c4949ba9ad67091e67bac10b66d3d7",
                "shasum": ""
            },
            "require": {
                "composer-plugin-api": "^1.0",
                "kriswallsmith/assetic": "1.*",
                "php": ">=5.3.2"
            },
            "require-dev": {
                "composer/composer": "1.*@alpha",
                "phpunit/phpunit": "4.*"
            },
            "type": "composer-plugin",
            "extra": {
                "branch-alias": {
                    "dev-master": "1.0.x-dev"
                },
                "class": "ComponentInstaller\\ComponentInstallerPlugin"
            },
            "autoload": {
                "psr-0": {
                    "ComponentInstaller": "src/"
                }
            },
            "notification-url": "https://packagist.org/downloads/",
            "license": [
                "MIT"
            ],
            "authors": [
                {
                    "name": "Rob Loach",
                    "homepage": "http://robloach.net"
                }
            ],
            "description": "Allows installation of Components via Composer.",
            "time": "2015-08-10T12:35:38+00:00"
        },
        {
            "name": "sorich87/bootstrap-tour",
            "version": "v0.12.0",
            "source": {
                "type": "git",
                "url": "https://github.com/sorich87/bootstrap-tour.git",
                "reference": "1a06475e27f852bb642b9353574638d51673b0d5"
            },
            "dist": {
                "type": "zip",
                "url": "https://api.github.com/repos/sorich87/bootstrap-tour/zipball/1a06475e27f852bb642b9353574638d51673b0d5",
                "reference": "1a06475e27f852bb642b9353574638d51673b0d5",
                "shasum": ""
            },
            "type": "component",
            "notification-url": "https://packagist.org/downloads/",
            "license": [
                "MIT"
            ],
            "description": "Show people how to use your web site",
            "homepage": "http://bootstraptour.com/",
            "keywords": [
                "bootstrap",
                "tour"
            ],
            "time": "2017-09-30T10:35:18+00:00"
        },
        {
            "name": "symfony/polyfill-ctype",
            "version": "v1.10.0",
            "source": {
                "type": "git",
                "url": "https://github.com/symfony/polyfill-ctype.git",
                "reference": "e3d826245268269cd66f8326bd8bc066687b4a19"
            },
            "dist": {
                "type": "zip",
                "url": "https://api.github.com/repos/symfony/polyfill-ctype/zipball/e3d826245268269cd66f8326bd8bc066687b4a19",
                "reference": "e3d826245268269cd66f8326bd8bc066687b4a19",
                "shasum": ""
            },
            "require": {
                "php": ">=5.3.3"
            },
            "suggest": {
                "ext-ctype": "For best performance"
            },
            "type": "library",
            "extra": {
                "branch-alias": {
                    "dev-master": "1.9-dev"
                }
            },
            "autoload": {
                "psr-4": {
                    "Symfony\\Polyfill\\Ctype\\": ""
                },
                "files": [
                    "bootstrap.php"
                ]
            },
            "notification-url": "https://packagist.org/downloads/",
            "license": [
                "MIT"
            ],
            "authors": [
                {
                    "name": "Symfony Community",
                    "homepage": "https://symfony.com/contributors"
                },
                {
                    "name": "Gert de Pagter",
                    "email": "BackEndTea@gmail.com"
                }
            ],
            "description": "Symfony polyfill for ctype functions",
            "homepage": "https://symfony.com",
            "keywords": [
                "compatibility",
                "ctype",
                "polyfill",
                "portable"
            ],
            "time": "2018-08-06T14:22:27+00:00"
        },
        {
            "name": "symfony/polyfill-mbstring",
            "version": "v1.10.0",
            "source": {
                "type": "git",
                "url": "https://github.com/symfony/polyfill-mbstring.git",
                "reference": "c79c051f5b3a46be09205c73b80b346e4153e494"
            },
            "dist": {
                "type": "zip",
                "url": "https://api.github.com/repos/symfony/polyfill-mbstring/zipball/c79c051f5b3a46be09205c73b80b346e4153e494",
                "reference": "c79c051f5b3a46be09205c73b80b346e4153e494",
                "shasum": ""
            },
            "require": {
                "php": ">=5.3.3"
            },
            "suggest": {
                "ext-mbstring": "For best performance"
            },
            "type": "library",
            "extra": {
                "branch-alias": {
                    "dev-master": "1.9-dev"
                }
            },
            "autoload": {
                "psr-4": {
                    "Symfony\\Polyfill\\Mbstring\\": ""
                },
                "files": [
                    "bootstrap.php"
                ]
            },
            "notification-url": "https://packagist.org/downloads/",
            "license": [
                "MIT"
            ],
            "authors": [
                {
                    "name": "Nicolas Grekas",
                    "email": "p@tchwork.com"
                },
                {
                    "name": "Symfony Community",
                    "homepage": "https://symfony.com/contributors"
                }
            ],
            "description": "Symfony polyfill for the Mbstring extension",
            "homepage": "https://symfony.com",
            "keywords": [
                "compatibility",
                "mbstring",
                "polyfill",
                "portable",
                "shim"
            ],
            "time": "2018-09-21T13:07:52+00:00"
        },
        {
            "name": "symfony/process",
            "version": "v3.4.19",
            "source": {
                "type": "git",
                "url": "https://github.com/symfony/process.git",
                "reference": "abb46b909dd6ba0b50e10d4c10ffe6ee96dd70f2"
            },
            "dist": {
                "type": "zip",
                "url": "https://api.github.com/repos/symfony/process/zipball/abb46b909dd6ba0b50e10d4c10ffe6ee96dd70f2",
                "reference": "abb46b909dd6ba0b50e10d4c10ffe6ee96dd70f2",
                "shasum": ""
            },
            "require": {
                "php": "^5.5.9|>=7.0.8"
            },
            "type": "library",
            "extra": {
                "branch-alias": {
                    "dev-master": "3.4-dev"
                }
            },
            "autoload": {
                "psr-4": {
                    "Symfony\\Component\\Process\\": ""
                },
                "exclude-from-classmap": [
                    "/Tests/"
                ]
            },
            "notification-url": "https://packagist.org/downloads/",
            "license": [
                "MIT"
            ],
            "authors": [
                {
                    "name": "Fabien Potencier",
                    "email": "fabien@symfony.com"
                },
                {
                    "name": "Symfony Community",
                    "homepage": "https://symfony.com/contributors"
                }
            ],
            "description": "Symfony Process Component",
            "homepage": "https://symfony.com",
            "time": "2018-11-20T16:10:26+00:00"
        },
        {
            "name": "timrwood/moment",
            "version": "2.22.2",
            "source": {
                "type": "git",
                "url": "https://github.com/moment/moment.git",
                "reference": "2e2a5b35439665d4b0200143d808a7c26d6cd30f"
            },
            "dist": {
                "type": "zip",
                "url": "https://api.github.com/repos/moment/moment/zipball/2e2a5b35439665d4b0200143d808a7c26d6cd30f",
                "reference": "2e2a5b35439665d4b0200143d808a7c26d6cd30f",
                "shasum": ""
            },
            "require": {
                "robloach/component-installer": "*"
            },
            "type": "component",
            "extra": {
                "component": {
                    "scripts": [
                        "moment.js"
                    ],
                    "files": [
                        "min/*.js",
                        "locale/*.js"
                    ]
                }
            },
            "notification-url": "https://packagist.org/downloads/",
            "license": [
                "MIT"
            ],
            "authors": [
                {
                    "name": "Tim Wood",
                    "email": "washwithcare@gmail.com"
                }
            ],
            "description": "Parse, validate, manipulate, and display dates in JavaScript.",
            "homepage": "https://github.com/moment/moment",
            "keywords": [
                "date",
                "ender",
                "format",
                "i18n",
                "l10n",
                "moment",
                "parse",
                "time",
                "validate"
            ],
            "time": "2018-06-01T06:45:43+00:00"
        },
        {
            "name": "twbs/bootstrap-sass",
            "version": "v3.3.7",
            "source": {
                "type": "git",
                "url": "https://github.com/twbs/bootstrap-sass.git",
                "reference": "5d6b2ebba0c2a5885ce2f0e01e9218db3d3b5e47"
            },
            "dist": {
                "type": "zip",
                "url": "https://api.github.com/repos/twbs/bootstrap-sass/zipball/5d6b2ebba0c2a5885ce2f0e01e9218db3d3b5e47",
                "reference": "5d6b2ebba0c2a5885ce2f0e01e9218db3d3b5e47",
                "shasum": ""
            },
            "type": "library",
            "extra": {
                "branch-alias": {
                    "dev-master": "3.3.x-dev"
                }
            },
            "notification-url": "https://packagist.org/downloads/",
            "license": [
                "MIT"
            ],
            "authors": [
                {
                    "name": "Mark Otto"
                },
                {
                    "name": "Thomas McDonald"
                },
                {
                    "name": "Tristan Harward"
                },
                {
                    "name": "Peter Gumeson"
                },
                {
                    "name": "Gleb Mazovetskiy"
                },
                {
                    "name": "Jacob Thornton"
                }
            ],
            "description": "bootstrap-sass is a Sass-powered version of Bootstrap 3, ready to drop right into your Sass powered applications.",
            "homepage": "http://github.com/twbs/bootstrap-sass",
            "keywords": [
                "bootstrap",
                "css",
                "sass"
            ],
            "time": "2016-07-25T19:58:53+00:00"
        },
        {
            "name": "twig/twig",
            "version": "v2.5.0",
            "source": {
                "type": "git",
                "url": "https://github.com/twigphp/Twig.git",
                "reference": "6a5f676b77a90823c2d4eaf76137b771adf31323"
            },
            "dist": {
                "type": "zip",
                "url": "https://api.github.com/repos/twigphp/Twig/zipball/6a5f676b77a90823c2d4eaf76137b771adf31323",
                "reference": "6a5f676b77a90823c2d4eaf76137b771adf31323",
                "shasum": ""
            },
            "require": {
                "php": "^7.0",
                "symfony/polyfill-ctype": "^1.8",
                "symfony/polyfill-mbstring": "~1.0"
            },
            "require-dev": {
                "psr/container": "^1.0",
                "symfony/debug": "^2.7",
                "symfony/phpunit-bridge": "^3.3"
            },
            "type": "library",
            "extra": {
                "branch-alias": {
                    "dev-master": "2.5-dev"
                }
            },
            "autoload": {
                "psr-0": {
                    "Twig_": "lib/"
                },
                "psr-4": {
                    "Twig\\": "src/"
                }
            },
            "notification-url": "https://packagist.org/downloads/",
            "license": [
                "BSD-3-Clause"
            ],
            "authors": [
                {
                    "name": "Fabien Potencier",
                    "email": "fabien@symfony.com",
                    "homepage": "http://fabien.potencier.org",
                    "role": "Lead Developer"
                },
                {
                    "name": "Armin Ronacher",
                    "email": "armin.ronacher@active-4.com",
                    "role": "Project Founder"
                },
                {
                    "name": "Twig Team",
                    "homepage": "https://twig.symfony.com/contributors",
                    "role": "Contributors"
                }
            ],
            "description": "Twig, the flexible, fast, and secure template language for PHP",
            "homepage": "https://twig.symfony.com",
            "keywords": [
                "templating"
            ],
            "time": "2018-07-13T07:18:09+00:00"
        },
        {
            "name": "twitter/typeahead.js",
            "version": "v0.11.1",
            "source": {
                "type": "git",
                "url": "https://github.com/twitter/typeahead.js.git",
                "reference": "588440f66559714280628a4f9799f0c4eb880a4a"
            },
            "dist": {
                "type": "zip",
                "url": "https://api.github.com/repos/twitter/typeahead.js/zipball/588440f66559714280628a4f9799f0c4eb880a4a",
                "reference": "588440f66559714280628a4f9799f0c4eb880a4a",
                "shasum": ""
            },
            "type": "library",
            "notification-url": "https://packagist.org/downloads/",
            "license": [
                "MIT"
            ],
            "authors": [
                {
                    "name": "Twitter Inc.",
                    "homepage": "https://twitter.com/twitteross"
                }
            ],
            "description": "fast and fully-featured autocomplete library",
            "homepage": "http://twitter.github.com/typeahead.js",
            "keywords": [
                "autocomplete",
                "typeahead"
            ],
            "time": "2015-04-27T04:02:14+00:00"
        },
        {
            "name": "weareoutman/clockpicker",
            "version": "dev-gh-pages",
            "source": {
                "type": "git",
                "url": "https://github.com/weareoutman/clockpicker",
                "reference": "gh-pages"
            },
            "type": "library",
            "time": "2014-08-07T11:42:35+00:00"
        },
        {
            "name": "wvega/timepicker",
            "version": "dev-master",
            "source": {
                "type": "git",
                "url": "https://github.com/wvega/timepicker",
                "reference": "origin/master"
            },
            "type": "library",
            "time": "2016-07-10T04:51:26+00:00"
        }
    ],
    "packages-dev": [],
    "aliases": [],
    "minimum-stability": "stable",
    "stability-flags": {
        "components/jquery-hotkeys": 20,
        "components/jquery-mousewheel": 20,
        "components/jqote2": 20,
        "components/touchswipe-jquery-plugin": 20,
        "components/hideseek": 20,
        "components/toastr": 20,
        "components/twitter-bootstrap-wizard": 20,
        "components/bootstrap-datetimepicker": 20,
        "wvega/timepicker": 20,
        "summernote/summernote": 20,
        "weareoutman/clockpicker": 20
    },
    "prefer-stable": false,
    "prefer-lowest": false,
    "platform": [],
    "platform-dev": []
}
